<?xml version="1.0" encoding="utf-8"?>
<Project ToolsVersion="4.0" xmlns="http://schemas.microsoft.com/developer/msbuild/2003">
  <ItemGroup>
    <Filter Include="Source Files">
      <UniqueIdentifier>{4FC737F1-C7A5-4376-A066-2A32D752A2FF}</UniqueIdentifier>
      <Extensions>cpp;c;cc;cxx;c++;cppm;ixx;def;odl;idl;hpj;bat;asm;asmx</Extensions>
    </Filter>
    <Filter Include="Header Files">
      <UniqueIdentifier>{93995380-89BD-4b04-88EB-625FBE52EBFB}</UniqueIdentifier>
      <Extensions>h;hh;hpp;hxx;h++;hm;inl;inc;ipp;xsd</Extensions>
    </Filter>
    <Filter Include="Resource Files">
      <UniqueIdentifier>{67DA6AB6-F800-4c08-8B7A-83BB121AAD01}</UniqueIdentifier>
      <Extensions>rc;ico;cur;bmp;dlg;rc2;rct;bin;rgs;gif;jpg;jpeg;jpe;resx;tiff;tif;png;wav;mfcribbon-ms</Extensions>
    </Filter>
  </ItemGroup>
  <ItemGroup>
    <ClInclude Include="include\corepch.h">
      <Filter>Header Files</Filter>
    </ClInclude>
    <ClInclude Include="include\core\IWindow.h">
      <Filter>Header Files</Filter>
    </ClInclude>
    <ClInclude Include="include\core\event\ApplicationEvent.h">
      <Filter>Header Files</Filter>
    </ClInclude>
    <ClInclude Include="include\core\event\Event.h">
      <Filter>Header Files</Filter>
    </ClInclude>
    <ClInclude Include="include\core\event\KeyEvent.h">
      <Filter>Header Files</Filter>
    </ClInclude>
    <ClInclude Include="include\core\event\MouseEvent.h">
      <Filter>Header Files</Filter>
    </ClInclude>
    <ClInclude Include="include\core\event\EventDispatcher.h">
      <Filter>Header Files</Filter>
    </ClInclude>
    <ClInclude Include="include\core\GlfwWindow.h">
      <Filter>Header Files</Filter>
    </ClInclude>
    <ClInclude Include="include\core\Application.h">
      <Filter>Header Files</Filter>
    </ClInclude>
    <ClInclude Include="include\core\Layer.h">
      <Filter>Header Files</Filter>
    </ClInclude>
    <ClInclude Include="include\core\LayerStack.h">
      <Filter>Header Files</Filter>
    </ClInclude>
    <ClInclude Include="include\core\Timestep.h">
      <Filter>Header Files</Filter>
    </ClInclude>
    <ClInclude Include="include\core\event\event_inc.h">
      <Filter>Header Files</Filter>
    </ClInclude>
    <ClInclude Include="include\core\core.h">
      <Filter>Header Files</Filter>
    </ClInclude>
    <ClInclude Include="include\core\utils\ScopedConnections.h">
      <Filter>Header Files</Filter>
    </ClInclude>
    <ClInclude Include="include\core\utils\OrthographicCamera.h">
      <Filter>Header Files</Filter>
    </ClInclude>
    <ClInclude Include="include\core\KeyCodes.h">
      <Filter>Header Files</Filter>
    </ClInclude>
    <ClInclude Include="include\core\Input.h">
      <Filter>Header Files</Filter>
    </ClInclude>
    <ClInclude Include="include\sigslot\sigslot.h">
      <Filter>Header Files</Filter>
    </ClInclude>
  </ItemGroup>
  <ItemGroup>
    <ClCompile Include="src\corepch.cpp">
      <Filter>Source Files</Filter>
    </ClCompile>
    <ClCompile Include="src\core\event\Event.cpp">
      <Filter>Source Files</Filter>
    </ClCompile>
    <ClCompile Include="src\core\GlfwWindow.cpp">
      <Filter>Source Files</Filter>
    </ClCompile>
    <ClCompile Include="src\core\Application.cpp">
      <Filter>Source Files</Filter>
    </ClCompile>
    <ClCompile Include="src\core\Layer.cpp">
      <Filter>Source Files</Filter>
    </ClCompile>
    <ClCompile Include="src\core\LayerStack.cpp">
      <Filter>Source Files</Filter>
    </ClCompile>
    <ClCompile Include="src\core\utils\ScopedConnections.cpp">
      <Filter>Source Files</Filter>
    </ClCompile>
    <ClCompile Include="src\core\utils\OrthographicCamera.cpp">
      <Filter>Source Files</Filter>
    </ClCompile>
    <ClCompile Include="src\core\Input.cpp">
      <Filter>Source Files</Filter>
    </ClCompile>
  </ItemGroup>
</Project>